
Microsoft Visual Studio Solution File, Format Version 12.00
# Visual Studio 15
Project("{FAE04EC0-301F-11D3-BF4B-00C04F79EFBC}") = "Assembly-CSharp", "Assembly-CSharp.csproj", "{7800FA35-4DAC-5770-D71F-84919ADBAEAD}"
EndProject
Project("{FAE04EC0-301F-11D3-BF4B-00C04F79EFBC}") = "Assembly-CSharp-Editor", "Assembly-CSharp-Editor.csproj", "{4EA5E759-7917-B3EC-2EC8-E33EAF3443AB}"
EndProject
Global
	GlobalSection(SolutionConfigurationPlatforms) = preSolution
		Debug|Any CPU = Debug|Any CPU
		Release|Any CPU = Release|Any CPU
	EndGlobalSection
	GlobalSection(ProjectConfigurationPlatforms) = postSolution
		{7800FA35-4DAC-5770-D71F-84919ADBAEAD}.Debug|Any CPU.ActiveCfg = Debug|Any CPU
		{7800FA35-4DAC-5770-D71F-84919ADBAEAD}.Debug|Any CPU.Build.0 = Debug|Any CPU
		{7800FA35-4DAC-5770-D71F-84919ADBAEAD}.Release|Any CPU.ActiveCfg = Release|Any CPU
		{7800FA35-4DAC-5770-D71F-84919ADBAEAD}.Release|Any CPU.Build.0 = Release|Any CPU
		{4EA5E759-7917-B3EC-2EC8-E33EAF3443AB}.Debug|Any CPU.ActiveCfg = Debug|Any CPU
		{4EA5E759-7917-B3EC-2EC8-E33EAF3443AB}.Debug|Any CPU.Build.0 = Debug|Any CPU
		{4EA5E759-7917-B3EC-2EC8-E33EAF3443AB}.Release|Any CPU.ActiveCfg = Release|Any CPU
		{4EA5E759-7917-B3EC-2EC8-E33EAF3443AB}.Release|Any CPU.Build.0 = Release|Any CPU
	EndGlobalSection
	GlobalSection(SolutionProperties) = preSolution
		HideSolutionNode = FALSE
	EndGlobalSection
EndGlobal
